# name|bytes|sha256
ths-11.58.03.apk|183278446|03f8d87002b307728d372ddb1978a43732814183073cbc63f0a95bf6a7293eb3
native-bridge-android11.tar.gz|14349194|d6461c7f72432f4dbb1f0a035bdd7a0df0f849665edf9b2f3ff23e110f567f61
magisk-bootstrap-android11.tar.gz|13460695|a2ba3f740d5c3b882ddbaaafa00f20ade6af8b8b52e9846053c837cc4006dbe1
riru-lsposed-redroid-bootstrap.tar.gz|586556|d934489fd477f5542d4cd7a3597a7a0f32c9239ec999b75f337865a5bb41159f
